# THIS IS AN AUTOGENERATED FILE. DO NOT EDIT THIS FILE DIRECTLY.
# yarn lockfile v1


ansi-regex@^2.0.0:
  version "2.1.1"
  resolved "https://repo.dev.wixpress.com/artifactory/api/npm/npm-repos/ansi-regex/-/ansi-regex-2.1.1.tgz#c3b33ab5ee360d86e0e628f0468ae7ef27d654df"

ansi-styles@^2.2.1:
  version "2.2.1"
  resolved "https://repo.dev.wixpress.com/artifactory/api/npm/npm-repos/ansi-styles/-/ansi-styles-2.2.1.tgz#b432dd3358b634cf75e1e4664368240533c1ddbe"

chalk@^1.1.3:
  version "1.1.3"
  resolved "https://repo.dev.wixpress.com/artifactory/api/npm/npm-repos/chalk/-/chalk-1.1.3.tgz#a8115c55e4a702fe4d150abd3872822a7e09fc98"
  dependencies:
    ansi-styles "^2.2.1"
    escape-string-regexp "^1.0.2"
    has-ansi "^2.0.0"
    strip-ansi "^3.0.0"
    supports-color "^2.0.0"

cross-spawn@^5.1.0:
  version "5.1.0"
  resolved "https://repo.dev.wixpress.com/artifactory/api/npm/npm-repos/cross-spawn/-/cross-spawn-5.1.0.tgz#e8bd0efee58fcff6f8f94510a0a554bbfa235449"
  dependencies:
    lru-cache "^4.0.1"
    shebang-command "^1.2.0"
    which "^1.2.9"

duplexer@~0.1.1:
  version "0.1.1"
  resolved "https://repo.dev.wixpress.com/artifactory/api/npm/npm-repos/duplexer/-/duplexer-0.1.1.tgz#ace6ff808c1ce66b57d1ebf97977acb02334cfc1"

escape-string-regexp@^1.0.2:
  version "1.0.5"
  resolved "https://repo.dev.wixpress.com/artifactory/api/npm/npm-repos/escape-string-regexp/-/escape-string-regexp-1.0.5.tgz#1b61c0562190a8dff6ae3bb2cf0200ca130b86d4"

event-stream@~3.3.0:
  version "3.3.4"
  resolved "https://repo.dev.wixpress.com/artifactory/api/npm/npm-repos/event-stream/-/event-stream-3.3.4.tgz#4ab4c9a0f5a54db9338b4c34d86bfce8f4b35571"
  dependencies:
    duplexer "~0.1.1"
    from "~0"
    map-stream "~0.1.0"
    pause-stream "0.0.11"
    split "0.3"
    stream-combiner "~0.0.4"
    through "~2.3.1"

from@~0:
  version "0.1.7"
  resolved "https://repo.dev.wixpress.com/artifactory/api/npm/npm-repos/from/-/from-0.1.7.tgz#83c60afc58b9c56997007ed1a768b3ab303a44fe"

has-ansi@^2.0.0:
  version "2.0.0"
  resolved "https://repo.dev.wixpress.com/artifactory/api/npm/npm-repos/has-ansi/-/has-ansi-2.0.0.tgz#34f5049ce1ecdf2b0649af3ef24e45ed35416d91"
  dependencies:
    ansi-regex "^2.0.0"

isexe@^2.0.0:
  version "2.0.0"
  resolved "https://repo.dev.wixpress.com/artifactory/api/npm/npm-repos/isexe/-/isexe-2.0.0.tgz#e8fbf374dc556ff8947a10dcb0572d633f2cfa10"

lru-cache@^4.0.1:
  version "4.1.1"
  resolved "https://repo.dev.wixpress.com/artifactory/api/npm/npm-repos/lru-cache/-/lru-cache-4.1.1.tgz#622e32e82488b49279114a4f9ecf45e7cd6bba55"
  dependencies:
    pseudomap "^1.0.2"
    yallist "^2.1.2"

map-stream@~0.1.0:
  version "0.1.0"
  resolved "https://repo.dev.wixpress.com/artifactory/api/npm/npm-repos/map-stream/-/map-stream-0.1.0.tgz#e56aa94c4c8055a16404a0674b78f215f7c8e194"

pause-stream@0.0.11:
  version "0.0.11"
  resolved "https://repo.dev.wixpress.com/artifactory/api/npm/npm-repos/pause-stream/-/pause-stream-0.0.11.tgz#fe5a34b0cbce12b5aa6a2b403ee2e73b602f1445"
  dependencies:
    through "~2.3"

ps-tree@^1.1.0:
  version "1.1.0"
  resolved "https://repo.dev.wixpress.com/artifactory/api/npm/npm-repos/ps-tree/-/ps-tree-1.1.0.tgz#b421b24140d6203f1ed3c76996b4427b08e8c014"
  dependencies:
    event-stream "~3.3.0"

pseudomap@^1.0.2:
  version "1.0.2"
  resolved "https://repo.dev.wixpress.com/artifactory/api/npm/npm-repos/pseudomap/-/pseudomap-1.0.2.tgz#f052a28da70e618917ef0a8ac34c1ae5a68286b3"

shebang-command@^1.2.0:
  version "1.2.0"
  resolved "https://repo.dev.wixpress.com/artifactory/api/npm/npm-repos/shebang-command/-/shebang-command-1.2.0.tgz#44aac65b695b03398968c39f363fee5deafdf1ea"
  dependencies:
    shebang-regex "^1.0.0"

shebang-regex@^1.0.0:
  version "1.0.0"
  resolved "https://repo.dev.wixpress.com/artifactory/api/npm/npm-repos/shebang-regex/-/shebang-regex-1.0.0.tgz#da42f49740c0b42db2ca9728571cb190c98efea3"

split@0.3:
  version "0.3.3"
  resolved "https://repo.dev.wixpress.com/artifactory/api/npm/npm-repos/split/-/split-0.3.3.tgz#cd0eea5e63a211dfff7eb0f091c4133e2d0dd28f"
  dependencies:
    through "2"

stream-combiner@~0.0.4:
  version "0.0.4"
  resolved "https://repo.dev.wixpress.com/artifactory/api/npm/npm-repos/stream-combiner/-/stream-combiner-0.0.4.tgz#4d5e433c185261dde623ca3f44c586bcf5c4ad14"
  dependencies:
    duplexer "~0.1.1"

strip-ansi@^3.0.0:
  version "3.0.1"
  resolved "https://repo.dev.wixpress.com/artifactory/api/npm/npm-repos/strip-ansi/-/strip-ansi-3.0.1.tgz#6a385fb8853d952d5ff05d0e8aaf94278dc63dcf"
  dependencies:
    ansi-regex "^2.0.0"

supports-color@^2.0.0:
  version "2.0.0"
  resolved "https://repo.dev.wixpress.com/artifactory/api/npm/npm-repos/supports-color/-/supports-color-2.0.0.tgz#535d045ce6b6363fa40117084629995e9df324c7"

through@2, through@~2.3, through@~2.3.1:
  version "2.3.8"
  resolved "https://repo.dev.wixpress.com/artifactory/api/npm/npm-repos/through/-/through-2.3.8.tgz#0dd4c9ffaabc357960b1b724115d7e0e86a2e1f5"

typescript@*:
  version "2.4.0"
  resolved "https://repo.dev.wixpress.com/artifactory/api/npm/npm-repos/typescript/-/typescript-2.4.0.tgz#aef5a8d404beba36ad339abf079ddddfffba86dd"

which@^1.2.9:
  version "1.2.14"
  resolved "https://repo.dev.wixpress.com/artifactory/api/npm/npm-repos/which/-/which-1.2.14.tgz#9a87c4378f03e827cecaf1acdf56c736c01c14e5"
  dependencies:
    isexe "^2.0.0"

yallist@^2.1.2:
  version "2.1.2"
  resolved "https://repo.dev.wixpress.com/artifactory/api/npm/npm-repos/yallist/-/yallist-2.1.2.tgz#1c11f9218f076089a47dd512f93c6699a6a81d52"
